
Microsoft Visual Studio Solution File, Format Version 11.00
# Visual Studio 2010
Project("{E24C65DC-7377-472B-9ABA-BC803B73C61A}") = "NLIU", ".", "{085AC741-554D-43D7-895D-3BF51B759F77}"
	ProjectSection(WebsiteProperties) = preProject
		TargetFrameworkMoniker = ".NETFramework,Version%3Dv4.0"
		Debug.AspNetCompiler.VirtualPath = "/NLIU"
		Debug.AspNetCompiler.PhysicalPath = "..\NLIU\"
		Debug.AspNetCompiler.TargetPath = "PrecompiledWeb\NLIU\"
		Debug.AspNetCompiler.Updateable = "true"
		Debug.AspNetCompiler.ForceOverwrite = "true"
		Debug.AspNetCompiler.FixedNames = "false"
		Debug.AspNetCompiler.Debug = "True"
		Release.AspNetCompiler.VirtualPath = "/NLIU"
		Release.AspNetCompiler.PhysicalPath = "..\NLIU\"
		Release.AspNetCompiler.TargetPath = "PrecompiledWeb\NLIU\"
		Release.AspNetCompiler.Updateable = "true"
		Release.AspNetCompiler.ForceOverwrite = "true"
		Release.AspNetCompiler.FixedNames = "false"
		Release.AspNetCompiler.Debug = "False"
		VWDPort = "15798"
		DefaultWebSiteLanguage = "Visual C#"
	EndProjectSection
EndProject
Project("{FAE04EC0-301F-11D3-BF4B-00C04F79EFBC}") = "ViewStateDecoder", "ViewStateDecoder\ViewStateDecoder.csproj", "{4AE0F3EC-9C86-444E-9852-CB1ACE9EEAB0}"
EndProject
Global
	GlobalSection(SolutionConfigurationPlatforms) = preSolution
		Debug|Any CPU = Debug|Any CPU
		Debug|Mixed Platforms = Debug|Mixed Platforms
		Debug|x86 = Debug|x86
		Release|Any CPU = Release|Any CPU
		Release|Mixed Platforms = Release|Mixed Platforms
		Release|x86 = Release|x86
	EndGlobalSection
	GlobalSection(ProjectConfigurationPlatforms) = postSolution
		{085AC741-554D-43D7-895D-3BF51B759F77}.Debug|Any CPU.ActiveCfg = Debug|Any CPU
		{085AC741-554D-43D7-895D-3BF51B759F77}.Debug|Any CPU.Build.0 = Debug|Any CPU
		{085AC741-554D-43D7-895D-3BF51B759F77}.Debug|Mixed Platforms.ActiveCfg = Debug|Any CPU
		{085AC741-554D-43D7-895D-3BF51B759F77}.Debug|Mixed Platforms.Build.0 = Debug|Any CPU
		{085AC741-554D-43D7-895D-3BF51B759F77}.Debug|x86.ActiveCfg = Debug|Any CPU
		{085AC741-554D-43D7-895D-3BF51B759F77}.Release|Any CPU.ActiveCfg = Debug|Any CPU
		{085AC741-554D-43D7-895D-3BF51B759F77}.Release|Any CPU.Build.0 = Debug|Any CPU
		{085AC741-554D-43D7-895D-3BF51B759F77}.Release|Mixed Platforms.ActiveCfg = Debug|Any CPU
		{085AC741-554D-43D7-895D-3BF51B759F77}.Release|Mixed Platforms.Build.0 = Debug|Any CPU
		{085AC741-554D-43D7-895D-3BF51B759F77}.Release|x86.ActiveCfg = Debug|Any CPU
		{4AE0F3EC-9C86-444E-9852-CB1ACE9EEAB0}.Debug|Any CPU.ActiveCfg = Debug|x86
		{4AE0F3EC-9C86-444E-9852-CB1ACE9EEAB0}.Debug|Mixed Platforms.ActiveCfg = Debug|x86
		{4AE0F3EC-9C86-444E-9852-CB1ACE9EEAB0}.Debug|Mixed Platforms.Build.0 = Debug|x86
		{4AE0F3EC-9C86-444E-9852-CB1ACE9EEAB0}.Debug|x86.ActiveCfg = Debug|x86
		{4AE0F3EC-9C86-444E-9852-CB1ACE9EEAB0}.Debug|x86.Build.0 = Debug|x86
		{4AE0F3EC-9C86-444E-9852-CB1ACE9EEAB0}.Release|Any CPU.ActiveCfg = Release|x86
		{4AE0F3EC-9C86-444E-9852-CB1ACE9EEAB0}.Release|Mixed Platforms.ActiveCfg = Release|x86
		{4AE0F3EC-9C86-444E-9852-CB1ACE9EEAB0}.Release|Mixed Platforms.Build.0 = Release|x86
		{4AE0F3EC-9C86-444E-9852-CB1ACE9EEAB0}.Release|x86.ActiveCfg = Release|x86
		{4AE0F3EC-9C86-444E-9852-CB1ACE9EEAB0}.Release|x86.Build.0 = Release|x86
	EndGlobalSection
	GlobalSection(SolutionProperties) = preSolution
		HideSolutionNode = FALSE
	EndGlobalSection
EndGlobal
